{
    "_readme": [
        "This file locks the dependencies of your project to a known state",
        "Read more about it at https://getcomposer.org/doc/01-basic-usage.md#installing-dependencies",
        "This file is @generated automatically"
    ],
    "content-hash": "9727a24820ffce14b095b5ecdbddf3b2",
    "packages": [
        {
            "name": "google/recaptcha",
            "version": "1.2.1",
            "source": {
                "type": "git",
                "url": "https://github.com/google/recaptcha.git",
                "reference": "e7add3be59211482ecdb942288f52da64a35f61a"
            },
            "dist": {
                "type": "zip",
                "url": "https://api.github.com/repos/google/recaptcha/zipball/e7add3be59211482ecdb942288f52da64a35f61a",
                "reference": "e7add3be59211482ecdb942288f52da64a35f61a",
                "shasum": ""
            },
            "require": {
                "php": ">=5.5"
            },
            "require-dev": {
                "friendsofphp/php-cs-fixer": "^2.2.20|^2.12",
                "php-coveralls/php-coveralls": "^2.1",
                "phpunit/phpunit": "^4.8.36|^5.7.27|^6.59|^7"
            },
            "type": "library",
            "extra": {
                "branch-alias": {
                    "dev-master": "1.2.x-dev"
                }
            },
            "autoload": {
                "psr-4": {
                    "ReCaptcha\\": "src/ReCaptcha"
                }
            },
            "notification-url": "https://packagist.org/downloads/",
            "license": [
                "BSD-3-Clause"
            ],
            "description": "Client library for reCAPTCHA, a free service that protects websites from spam and abuse.",
            "homepage": "https://www.google.com/recaptcha/",
            "keywords": [
                "Abuse",
                "captcha",
                "recaptcha",
                "spam"
            ],
            "time": "2018-08-05T09:31:53+00:00"
        },
        {
            "name": "pear/console_getopt",
            "version": "v1.4.1",
            "source": {
                "type": "git",
                "url": "https://github.com/pear/Console_Getopt.git",
                "reference": "82f05cd1aa3edf34e19aa7c8ca312ce13a6a577f"
            },
            "dist": {
                "type": "zip",
                "url": "https://api.github.com/repos/pear/Console_Getopt/zipball/82f05cd1aa3edf34e19aa7c8ca312ce13a6a577f",
                "reference": "82f05cd1aa3edf34e19aa7c8ca312ce13a6a577f",
                "shasum": ""
            },
            "type": "library",
            "autoload": {
                "psr-0": {
                    "Console": "./"
                }
            },
            "notification-url": "https://packagist.org/downloads/",
            "include-path": [
                "./"
            ],
            "license": [
                "BSD-2-Clause"
            ],
            "authors": [
                {
                    "name": "Greg Beaver",
                    "email": "cellog@php.net",
                    "role": "Helper"
                },
                {
                    "name": "Andrei Zmievski",
                    "email": "andrei@php.net",
                    "role": "Lead"
                },
                {
                    "name": "Stig Bakken",
                    "email": "stig@php.net",
                    "role": "Developer"
                }
            ],
            "description": "More info available on: http://pear.php.net/package/Console_Getopt",
            "time": "2015-07-20T20:28:12+00:00"
        },
        {
            "name": "pear/html_template_phplib",
            "version": "v1.6.0",
            "source": {
                "type": "git",
                "url": "https://github.com/pear/HTML_Template_PHPLIB.git",
                "reference": "cfea1646644acf65b3e5c2f5f9e30e126e0b21ba"
            },
            "dist": {
                "type": "zip",
                "url": "https://api.github.com/repos/pear/HTML_Template_PHPLIB/zipball/cfea1646644acf65b3e5c2f5f9e30e126e0b21ba",
                "reference": "cfea1646644acf65b3e5c2f5f9e30e126e0b21ba",
                "shasum": ""
            },
            "require": {
                "pear/pear-core-minimal": "^1.10.1"
            },
            "require-dev": {
                "phpunit/phpunit": "*"
            },
            "type": "library",
            "autoload": {
                "psr-0": {
                    "HTML": "./"
                }
            },
            "notification-url": "https://packagist.org/downloads/",
            "include-path": [
                "./"
            ],
            "license": [
                "LGPL-2.1"
            ],
            "authors": [
                {
                    "name": "Christian Weiske",
                    "email": "cweiske@php.net",
                    "role": "Lead"
                },
                {
                    "name": "Björn Schotte",
                    "email": "schotte@mayflower.de",
                    "role": "Lead"
                }
            ],
            "description": "preg_* based template system.",
            "homepage": "http://pear.php.net/package/HTML_Template_PHPLIB",
            "time": "2016-01-23T14:35:07+00:00"
        },
        {
            "name": "pear/pear-core-minimal",
            "version": "v1.10.7",
            "source": {
                "type": "git",
                "url": "https://github.com/pear/pear-core-minimal.git",
                "reference": "19a3e0fcd50492c4357372f623f55f1b144346da"
            },
            "dist": {
                "type": "zip",
                "url": "https://api.github.com/repos/pear/pear-core-minimal/zipball/19a3e0fcd50492c4357372f623f55f1b144346da",
                "reference": "19a3e0fcd50492c4357372f623f55f1b144346da",
                "shasum": ""
            },
            "require": {
                "pear/console_getopt": "~1.4",
                "pear/pear_exception": "~1.0"
            },
            "replace": {
                "rsky/pear-core-min": "self.version"
            },
            "type": "library",
            "autoload": {
                "psr-0": {
                    "": "src/"
                }
            },
            "notification-url": "https://packagist.org/downloads/",
            "include-path": [
                "src/"
            ],
            "license": [
                "BSD-3-Clause"
            ],
            "authors": [
                {
                    "name": "Christian Weiske",
                    "email": "cweiske@php.net",
                    "role": "Lead"
                }
            ],
            "description": "Minimal set of PEAR core files to be used as composer dependency",
            "time": "2018-12-05T20:03:52+00:00"
        },
        {
            "name": "pear/pear_exception",
            "version": "v1.0.0",
            "source": {
                "type": "git",
                "url": "https://github.com/pear/PEAR_Exception.git",
                "reference": "8c18719fdae000b690e3912be401c76e406dd13b"
            },
            "dist": {
                "type": "zip",
                "url": "https://api.github.com/repos/pear/PEAR_Exception/zipball/8c18719fdae000b690e3912be401c76e406dd13b",
                "reference": "8c18719fdae000b690e3912be401c76e406dd13b",
                "shasum": ""
            },
            "require": {
                "php": ">=4.4.0"
            },
            "require-dev": {
                "phpunit/phpunit": "*"
            },
            "type": "class",
            "extra": {
                "branch-alias": {
                    "dev-master": "1.0.x-dev"
                }
            },
            "autoload": {
                "psr-0": {
                    "PEAR": ""
                }
            },
            "notification-url": "https://packagist.org/downloads/",
            "include-path": [
                "."
            ],
            "license": [
                "BSD-2-Clause"
            ],
            "authors": [
                {
                    "name": "Helgi Thormar",
                    "email": "dufuz@php.net"
                },
                {
                    "name": "Greg Beaver",
                    "email": "cellog@php.net"
                }
            ],
            "description": "The PEAR Exception base class.",
            "homepage": "https://github.com/pear/PEAR_Exception",
            "keywords": [
                "exception"
            ],
            "time": "2015-02-10T20:07:52+00:00"
        },
        {
            "name": "phpmailer/phpmailer",
            "version": "v5.2.27",
            "source": {
                "type": "git",
                "url": "https://github.com/PHPMailer/PHPMailer.git",
                "reference": "dde1db116511aa4956389d75546c5be4c2beb2a6"
            },
            "dist": {
                "type": "zip",
                "url": "https://api.github.com/repos/PHPMailer/PHPMailer/zipball/dde1db116511aa4956389d75546c5be4c2beb2a6",
                "reference": "dde1db116511aa4956389d75546c5be4c2beb2a6",
                "shasum": ""
            },
            "require": {
                "ext-ctype": "*",
                "php": ">=5.0.0"
            },
            "require-dev": {
                "doctrine/annotations": "1.2.*",
                "jms/serializer": "0.16.*",
                "phpdocumentor/phpdocumentor": "2.*",
                "phpunit/phpunit": "4.8.*",
                "symfony/debug": "2.8.*",
                "symfony/filesystem": "2.8.*",
                "symfony/translation": "2.8.*",
                "symfony/yaml": "2.8.*",
                "zendframework/zend-cache": "2.5.1",
                "zendframework/zend-config": "2.5.1",
                "zendframework/zend-eventmanager": "2.5.1",
                "zendframework/zend-filter": "2.5.1",
                "zendframework/zend-i18n": "2.5.1",
                "zendframework/zend-json": "2.5.1",
                "zendframework/zend-math": "2.5.1",
                "zendframework/zend-serializer": "2.5.*",
                "zendframework/zend-servicemanager": "2.5.*",
                "zendframework/zend-stdlib": "2.5.1"
            },
            "suggest": {
                "league/oauth2-google": "Needed for Google XOAUTH2 authentication"
            },
            "type": "library",
            "autoload": {
                "classmap": [
                    "class.phpmailer.php",
                    "class.phpmaileroauth.php",
                    "class.phpmaileroauthgoogle.php",
                    "class.smtp.php",
                    "class.pop3.php",
                    "extras/EasyPeasyICS.php",
                    "extras/ntlm_sasl_client.php"
                ]
            },
            "notification-url": "https://packagist.org/downloads/",
            "license": [
                "LGPL-2.1"
            ],
            "authors": [
                {
                    "name": "Jim Jagielski",
                    "email": "jimjag@gmail.com"
                },
                {
                    "name": "Marcus Bointon",
                    "email": "phpmailer@synchromedia.co.uk"
                },
                {
                    "name": "Andy Prevost",
                    "email": "codeworxtech@users.sourceforge.net"
                },
                {
                    "name": "Brent R. Matzelle"
                }
            ],
            "description": "PHPMailer is a full-featured email creation and transfer class for PHP",
            "time": "2018-11-15T22:32:31+00:00"
        }
    ],
    "packages-dev": [],
    "aliases": [],
    "minimum-stability": "stable",
    "stability-flags": [],
    "prefer-stable": false,
    "prefer-lowest": false,
    "platform": [],
    "platform-dev": []
}
